
Microsoft Visual Studio Solution File, Format Version 12.00
# Visual Studio Version 16
VisualStudioVersion = 16.0.31515.178
MinimumVisualStudioVersion = 10.0.40219.1
Project("{FAE04EC0-301F-11D3-BF4B-00C04F79EFBC}") = "Latihan", "Latihan\Latihan.csproj", "{22F34C86-4C3E-42FD-89B8-A154E8AE8330}"
EndProject
Global
	GlobalSection(SolutionConfigurationPlatforms) = preSolution
		Debug|Any CPU = Debug|Any CPU
		Release|Any CPU = Release|Any CPU
	EndGlobalSection
	GlobalSection(ProjectConfigurationPlatforms) = postSolution
		{22F34C86-4C3E-42FD-89B8-A154E8AE8330}.Debug|Any CPU.ActiveCfg = Debug|Any CPU
		{22F34C86-4C3E-42FD-89B8-A154E8AE8330}.Debug|Any CPU.Build.0 = Debug|Any CPU
		{22F34C86-4C3E-42FD-89B8-A154E8AE8330}.Release|Any CPU.ActiveCfg = Release|Any CPU
		{22F34C86-4C3E-42FD-89B8-A154E8AE8330}.Release|Any CPU.Build.0 = Release|Any CPU
	EndGlobalSection
	GlobalSection(SolutionProperties) = preSolution
		HideSolutionNode = FALSE
	EndGlobalSection
	GlobalSection(ExtensibilityGlobals) = postSolution
		SolutionGuid = {7381ED0B-FF43-448B-8C8C-C6A52F507628}
	EndGlobalSection
EndGlobal
